{
  "version": "3",
  "remote": {
    "https://deno.land/std@0.177.0/_util/asserts.ts": "178dfc49a464aee693a7e285567b3d0b555dc805ff490505a8aae34f9cfb1462",
    "https://deno.land/std@0.177.0/_util/os.ts": "d932f56d41e4f6a6093d56044e29ce637f8dcc43c5a90af43504a889cf1775e3",
    "https://deno.land/std@0.177.0/async/abortable.ts": "73acfb3ed7261ce0d930dbe89e43db8d34e017b063cf0eaa7d215477bf53442e",
    "https://deno.land/std@0.177.0/async/deadline.ts": "c5facb0b404eede83e38bd2717ea8ab34faa2ffb20ef87fd261fcba32ba307aa",
    "https://deno.land/std@0.177.0/async/debounce.ts": "adab11d04ca38d699444ac8a9d9856b4155e8dda2afd07ce78276c01ea5a4332",
    "https://deno.land/std@0.177.0/async/deferred.ts": "42790112f36a75a57db4a96d33974a936deb7b04d25c6084a9fa8a49f135def8",
    "https://deno.land/std@0.177.0/async/delay.ts": "73aa04cec034c84fc748c7be49bb15cac3dd43a57174bfdb7a4aec22c248f0dd",
    "https://deno.land/std@0.177.0/async/mod.ts": "f04344fa21738e5ad6bea37a6bfffd57c617c2d372bb9f9dcfd118a1b622e576",
    "https://deno.land/std@0.177.0/async/mux_async_iterator.ts": "70c7f2ee4e9466161350473ad61cac0b9f115cff4c552eaa7ef9d50c4cbb4cc9",
    "https://deno.land/std@0.177.0/async/pool.ts": "fd082bd4aaf26445909889435a5c74334c017847842ec035739b4ae637ae8260",
    "https://deno.land/std@0.177.0/async/retry.ts": "5efa3ba450ac0c07a40a82e2df296287b5013755d232049efd7ea2244f15b20f",
    "https://deno.land/std@0.177.0/async/tee.ts": "47e42d35f622650b02234d43803d0383a89eb4387e1b83b5a40106d18ae36757",
    "https://deno.land/std@0.177.0/fmt/colors.ts": "938c5d44d889fb82eff6c358bea8baa7e85950a16c9f6dae3ec3a7a729164471",
    "https://deno.land/std@0.177.0/fs/_util.ts": "65381f341af1ff7f40198cee15c20f59951ac26e51ddc651c5293e24f9ce6f32",
    "https://deno.land/std@0.177.0/fs/copy.ts": "14214efd94fc3aa6db1e4af2b4b9578e50f7362b7f3725d5a14ad259a5df26c8",
    "https://deno.land/std@0.177.0/fs/empty_dir.ts": "c3d2da4c7352fab1cf144a1ecfef58090769e8af633678e0f3fabaef98594688",
    "https://deno.land/std@0.177.0/fs/ensure_dir.ts": "724209875497a6b4628dfb256116e5651c4f7816741368d6c44aab2531a1e603",
    "https://deno.land/std@0.177.0/http/server.ts": "cbb17b594651215ba95c01a395700684e569c165a567e4e04bba327f41197433",
    "https://deno.land/std@0.177.0/path/_constants.ts": "e49961f6f4f48039c0dfed3c3f93e963ca3d92791c9d478ac5b43183413136e0",
    "https://deno.land/std@0.177.0/path/_interface.ts": "6471159dfbbc357e03882c2266d21ef9afdb1e4aa771b0545e90db58a0ba314b",
    "https://deno.land/std@0.177.0/path/_util.ts": "d7abb1e0dea065f427b89156e28cdeb32b045870acdf865833ba808a73b576d0",
    "https://deno.land/std@0.177.0/path/common.ts": "ee7505ab01fd22de3963b64e46cff31f40de34f9f8de1fff6a1bd2fe79380000",
    "https://deno.land/std@0.177.0/path/glob.ts": "d479e0a695621c94d3fd7fe7abd4f9499caf32a8de13f25073451c6ef420a4e1",
    "https://deno.land/std@0.177.0/path/mod.ts": "4b83694ac500d7d31b0cdafc927080a53dc0c3027eb2895790fb155082b0d232",
    "https://deno.land/std@0.177.0/path/posix.ts": "8b7c67ac338714b30c816079303d0285dd24af6b284f7ad63da5b27372a2c94d",
    "https://deno.land/std@0.177.0/path/separator.ts": "0fb679739d0d1d7bf45b68dacfb4ec7563597a902edbaf3c59b50d5bcadd93b1",
    "https://deno.land/std@0.177.0/path/win32.ts": "d186344e5583bcbf8b18af416d13d82b35a317116e6460a5a3953508c3de5bba",
    "https://deno.land/std@0.191.0/_util/asserts.ts": "178dfc49a464aee693a7e285567b3d0b555dc805ff490505a8aae34f9cfb1462",
    "https://deno.land/std@0.191.0/_util/os.ts": "d932f56d41e4f6a6093d56044e29ce637f8dcc43c5a90af43504a889cf1775e3",
    "https://deno.land/std@0.191.0/async/abortable.ts": "fd682fa46f3b7b16b4606a5ab52a7ce309434b76f820d3221bdfb862719a15d7",
    "https://deno.land/std@0.191.0/async/deadline.ts": "58f72a3cc0fcb731b2cc055ba046f4b5be3349ff6bf98f2e793c3b969354aab2",
    "https://deno.land/std@0.191.0/async/debounce.ts": "adab11d04ca38d699444ac8a9d9856b4155e8dda2afd07ce78276c01ea5a4332",
    "https://deno.land/std@0.191.0/async/deferred.ts": "42790112f36a75a57db4a96d33974a936deb7b04d25c6084a9fa8a49f135def8",
    "https://deno.land/std@0.191.0/async/delay.ts": "73aa04cec034c84fc748c7be49bb15cac3dd43a57174bfdb7a4aec22c248f0dd",
    "https://deno.land/std@0.191.0/async/mod.ts": "f04344fa21738e5ad6bea37a6bfffd57c617c2d372bb9f9dcfd118a1b622e576",
    "https://deno.land/std@0.191.0/async/mux_async_iterator.ts": "70c7f2ee4e9466161350473ad61cac0b9f115cff4c552eaa7ef9d50c4cbb4cc9",
    "https://deno.land/std@0.191.0/async/pool.ts": "f1b8d3df4d7fd3c73f8cbc91cc2e8b8e950910f1eab94230b443944d7584c657",
    "https://deno.land/std@0.191.0/async/retry.ts": "321ba30b1b39e9dc6bc3545232b5b8610804fa46ccf55fdd7b4016f96e58d356",
    "https://deno.land/std@0.191.0/async/tee.ts": "47e42d35f622650b02234d43803d0383a89eb4387e1b83b5a40106d18ae36757",
    "https://deno.land/std@0.191.0/fmt/colors.ts": "d67e3cd9f472535241a8e410d33423980bec45047e343577554d3356e1f0ef4e",
    "https://deno.land/std@0.191.0/fs/_util.ts": "fbf57dcdc9f7bc8128d60301eece608246971a7836a3bb1e78da75314f08b978",
    "https://deno.land/std@0.191.0/fs/copy.ts": "14214efd94fc3aa6db1e4af2b4b9578e50f7362b7f3725d5a14ad259a5df26c8",
    "https://deno.land/std@0.191.0/fs/empty_dir.ts": "c3d2da4c7352fab1cf144a1ecfef58090769e8af633678e0f3fabaef98594688",
    "https://deno.land/std@0.191.0/fs/ensure_dir.ts": "dc64c4c75c64721d4e3fb681f1382f803ff3d2868f08563ff923fdd20d071c40",
    "https://deno.land/std@0.191.0/http/server.ts": "1b23463b5b36e4eebc495417f6af47a6f7d52e3294827a1226d2a1aab23d9d20",
    "https://deno.land/std@0.191.0/path/_constants.ts": "e49961f6f4f48039c0dfed3c3f93e963ca3d92791c9d478ac5b43183413136e0",
    "https://deno.land/std@0.191.0/path/_interface.ts": "6471159dfbbc357e03882c2266d21ef9afdb1e4aa771b0545e90db58a0ba314b",
    "https://deno.land/std@0.191.0/path/_util.ts": "d7abb1e0dea065f427b89156e28cdeb32b045870acdf865833ba808a73b576d0",
    "https://deno.land/std@0.191.0/path/common.ts": "ee7505ab01fd22de3963b64e46cff31f40de34f9f8de1fff6a1bd2fe79380000",
    "https://deno.land/std@0.191.0/path/glob.ts": "d479e0a695621c94d3fd7fe7abd4f9499caf32a8de13f25073451c6ef420a4e1",
    "https://deno.land/std@0.191.0/path/mod.ts": "f065032a7189404fdac3ad1a1551a9ac84751d2f25c431e101787846c86c79ef",
    "https://deno.land/std@0.191.0/path/posix.ts": "8b7c67ac338714b30c816079303d0285dd24af6b284f7ad63da5b27372a2c94d",
    "https://deno.land/std@0.191.0/path/separator.ts": "0fb679739d0d1d7bf45b68dacfb4ec7563597a902edbaf3c59b50d5bcadd93b1",
    "https://deno.land/std@0.191.0/path/win32.ts": "d186344e5583bcbf8b18af416d13d82b35a317116e6460a5a3953508c3de5bba",
    "https://deno.land/x/denoflate@1.2.1/mod.ts": "f5628e44b80b3d80ed525afa2ba0f12408e3849db817d47a883b801f9ce69dd6",
    "https://deno.land/x/denoflate@1.2.1/pkg/denoflate.js": "b9f9ad9457d3f12f28b1fb35c555f57443427f74decb403113d67364e4f2caf4",
    "https://deno.land/x/denoflate@1.2.1/pkg/denoflate_bg.wasm.js": "d581956245407a2115a3d7e8d85a9641c032940a8e810acbd59ca86afd34d44d",
    "https://deno.land/x/esbuild@v0.17.7/mod.d.ts": "dc279a3a46f084484453e617c0cabcd5b8bd1920c0e562e4ea02dfc828c8f968",
    "https://deno.land/x/esbuild@v0.17.7/mod.js": "8c089cd97b32ccc716b737cff37e5709ca11b1dfb165b766662c456383da8e1b",
    "https://deno.land/x/esbuild@v0.18.1/mod.js": "dd163dc3e14dbfb163263e2d2da9e665af2907e47d495e0aa5c2cc1398441ae7",
    "https://deno.land/x/esbuild_serve@1.2.2/features/devserver.ts": "c9d7b48d4b591f1fc3f31230d06bcc2c7eab2b0fcf3235cab9a8afe31aedb440",
    "https://deno.land/x/esbuild_serve@1.2.2/features/filesystem.ts": "fcd79921f59495012caace05605ab78db4c67045f89bb864f8142880a554e108",
    "https://deno.land/x/esbuild_serve@1.2.2/features/httpImports.ts": "2f620decfcb3b555e7c8712abb0591ed1417ed9b96b90dc1a8a3a9c51913194e",
    "https://deno.land/x/esbuild_serve@1.2.2/features/templates.ts": "c8d36ebd0ae09fd0b6a8af5b3fd68a3dcd765d4420b525d41213bb19c4dccdf1",
    "https://deno.land/x/esbuild_serve@1.2.2/mod.ts": "f433154a048e1213f79eeef809053b781e6c0f346374f091e321a4ae9f539ae8",
    "https://deno.land/x/esbuild_serve@1.2.2/types.ts": "0e1e014bd43d982a945d8e5df10d9593c369fb6ecb2662fcdd0cc57fc3160e8b",
    "https://deno.land/x/esbuild_serve@1.3.0/features/devserver.ts": "d8c0d5a7d739cfc695609073eaba2374c102a7bae0a11b49831ac3723cfd6a0b",
    "https://deno.land/x/esbuild_serve@1.3.0/features/filesystem.ts": "84f13a71c34bc55465b4cef4d425977c2b76ff102a56a6e99d587de091946d07",
    "https://deno.land/x/esbuild_serve@1.3.0/features/httpImports.ts": "d5f6ad00418375a730d9ebb9f392163b411d416b6f67c14bd09f307d02801d51",
    "https://deno.land/x/esbuild_serve@1.3.0/features/templates.ts": "3d0b93b956b6a25ee47a1b00893c36042b89ed789e2b81179aab12b10a6ae393",
    "https://deno.land/x/esbuild_serve@1.3.0/mod.ts": "131d3354b9d7b3c9956064217dc6cc2aa45126f3641c07a253093ebf301c9610",
    "https://deno.land/x/esbuild_serve@1.3.0/types.ts": "484e8e8491174ee4544cd0b42997dd1b95525e97538d166a37aea293946a8f36",
    "https://deno.land/x/eventsource@v0.0.3/mod.ts": "d54e3a6ff44f2061bc104dc88caaedac01fc3da9be5cd4f1eca7daa7e45bf07f"
  }
}
