{
  "name": "@lucsoft/webgen",
  "version": "1.6.4",
  "lockfileVersion": 1,
  "requires": true,
  "dependencies": {
    "@emmetio/extract-abbreviation": {
      "version": "0.1.6",
      "resolved": "https://registry.npmjs.org/@emmetio/extract-abbreviation/-/extract-abbreviation-0.1.6.tgz",
      "integrity": "sha512-Ce3xE2JvTSEbASFbRbA1gAIcMcZWdS2yUYRaQbeM0nbOzaZrUYfa3ePtcriYRZOZmr+CkKA+zbjhvTpIOAYVcw=="
    },
    "babel-polyfill": {
      "version": "6.26.0",
      "resolved": "https://registry.npmjs.org/babel-polyfill/-/babel-polyfill-6.26.0.tgz",
      "integrity": "sha1-N5k3q8Z9eJWXCtxiHyhM2WbPIVM=",
      "requires": {
        "babel-runtime": "^6.26.0",
        "core-js": "^2.5.0",
        "regenerator-runtime": "^0.10.5"
      }
    },
    "babel-runtime": {
      "version": "6.26.0",
      "resolved": "https://registry.npmjs.org/babel-runtime/-/babel-runtime-6.26.0.tgz",
      "integrity": "sha1-llxwWGaOgrVde/4E/yM3vItWR/4=",
      "requires": {
        "core-js": "^2.4.0",
        "regenerator-runtime": "^0.11.0"
      },
      "dependencies": {
        "regenerator-runtime": {
          "version": "0.11.1",
          "resolved": "https://registry.npmjs.org/regenerator-runtime/-/regenerator-runtime-0.11.1.tgz",
          "integrity": "sha512-MguG95oij0fC3QV3URf4V2SDYGJhJnJGqvIIgdECeODCT98wSWDAJ94SSuVpYQUoTcGUIL6L4yNB7j1DFFHSBg=="
        }
      }
    },
    "core-js": {
      "version": "2.6.10",
      "resolved": "https://registry.npmjs.org/core-js/-/core-js-2.6.10.tgz",
      "integrity": "sha512-I39t74+4t+zau64EN1fE5v2W31Adtc/REhzWN+gWRRXg6WH5qAsZm62DHpQ1+Yhe4047T55jvzz7MUqF/dBBlA=="
    },
    "jsonc-parser": {
      "version": "1.0.3",
      "resolved": "https://registry.npmjs.org/jsonc-parser/-/jsonc-parser-1.0.3.tgz",
      "integrity": "sha512-hk/69oAeaIzchq/v3lS50PXuzn5O2ynldopMC+SWBql7J2WtdptfB9dy8Y7+Og5rPkTCpn83zTiO8FMcqlXJ/g=="
    },
    "lit-element": {
      "version": "2.2.1",
      "resolved": "https://registry.npmjs.org/lit-element/-/lit-element-2.2.1.tgz",
      "integrity": "sha512-ipDcgQ1EpW6Va2Z6dWm79jYdimVepO5GL0eYkZrFvdr0OD/1N260Q9DH+K5HXHFrRoC7dOg+ZpED2XE0TgGdXw==",
      "requires": {
        "lit-html": "^1.0.0"
      }
    },
    "lit-html": {
      "version": "1.1.2",
      "resolved": "https://registry.npmjs.org/lit-html/-/lit-html-1.1.2.tgz",
      "integrity": "sha512-FFlUMKHKi+qG1x1iHNZ1hrtc/zHmfYTyrSvs3/wBTvaNtpZjOZGWzU7efGYVpgp6KvWeKF6ql9/KsCq6Z/mEDA=="
    },
    "regenerator-runtime": {
      "version": "0.10.5",
      "resolved": "https://registry.npmjs.org/regenerator-runtime/-/regenerator-runtime-0.10.5.tgz",
      "integrity": "sha1-M2w+/BIgrc7dosn6tntaeVWjNlg="
    },
    "typescript": {
      "version": "3.7.2",
      "resolved": "https://registry.npmjs.org/typescript/-/typescript-3.7.2.tgz",
      "integrity": "sha512-ml7V7JfiN2Xwvcer+XAf2csGO1bPBdRbFCkYBczNZggrBZ9c7G3riSUeJmqEU5uOtXNPMhE3n+R4FA/3YOAWOQ==",
      "dev": true
    },
    "typescript-lit-html-plugin": {
      "version": "0.9.0",
      "resolved": "https://registry.npmjs.org/typescript-lit-html-plugin/-/typescript-lit-html-plugin-0.9.0.tgz",
      "integrity": "sha512-Ux2I1sPpt2akNbRZiBAND9oA8XNE2BuVmDwsb7rZshJ9T8/Na2rICE5Tnuj9dPHdFUATdOGjVEagn1/v8T4gCQ==",
      "requires": {
        "typescript-styled-plugin": "^0.13.0",
        "typescript-template-language-service-decorator": "^2.2.0",
        "vscode-html-languageservice": "^2.1.10",
        "vscode-languageserver-types": "^3.13.0"
      }
    },
    "typescript-styled-plugin": {
      "version": "0.13.0",
      "resolved": "https://registry.npmjs.org/typescript-styled-plugin/-/typescript-styled-plugin-0.13.0.tgz",
      "integrity": "sha512-GGMzv/JAd4S8mvWgHZslvW2G1HHrdurrp93oSR4h85SM8e5at7+KCqHsZICiTaL+iN25YGkJqoaZe4XklA76rg==",
      "requires": {
        "typescript-template-language-service-decorator": "^2.0.0",
        "vscode-css-languageservice": "^3.0.12",
        "vscode-emmet-helper": "1.2.11",
        "vscode-languageserver-types": "^3.13.0"
      }
    },
    "typescript-template-language-service-decorator": {
      "version": "2.2.0",
      "resolved": "https://registry.npmjs.org/typescript-template-language-service-decorator/-/typescript-template-language-service-decorator-2.2.0.tgz",
      "integrity": "sha512-xiolqt1i7e22rpqMaprPgSFVgU64u3b9n6EJlAaUYE61jumipKAdI1+O5khPlWslpTUj80YzjUKjJ2jxT0D74w=="
    },
    "vscode-css-languageservice": {
      "version": "3.0.13",
      "resolved": "https://registry.npmjs.org/vscode-css-languageservice/-/vscode-css-languageservice-3.0.13.tgz",
      "integrity": "sha512-RWkO/c/A7iXhHEy3OuEqkCqavDjpD4NF2Ca8vjai+ZtEYNeHrm1ybTnBYLP4Ft1uXvvaaVtYA9HrDjD6+CUONg==",
      "requires": {
        "vscode-languageserver-types": "^3.13.0",
        "vscode-nls": "^4.0.0"
      }
    },
    "vscode-emmet-helper": {
      "version": "1.2.11",
      "resolved": "https://registry.npmjs.org/vscode-emmet-helper/-/vscode-emmet-helper-1.2.11.tgz",
      "integrity": "sha512-ms6/Z9TfNbjXS8r/KgbGxrNrFlu4RcIfVJxTZ2yFi0K4gn+Ka9X1+8cXvb5+5IOBGUrOsPjR0BuefdDkG+CKbQ==",
      "requires": {
        "@emmetio/extract-abbreviation": "0.1.6",
        "jsonc-parser": "^1.0.0",
        "vscode-languageserver-types": "^3.6.0-next.1"
      }
    },
    "vscode-html-languageservice": {
      "version": "2.1.12",
      "resolved": "https://registry.npmjs.org/vscode-html-languageservice/-/vscode-html-languageservice-2.1.12.tgz",
      "integrity": "sha512-mIb5VMXM5jI97HzCk2eadI1K//rCEZXte0wBqA7PGXsyJH4KTyJUaYk9MR+mbfpUl2vMi3HZw9GUOLGYLc6l5w==",
      "requires": {
        "vscode-languageserver-types": "^3.13.0",
        "vscode-nls": "^4.0.0",
        "vscode-uri": "^1.0.6"
      }
    },
    "vscode-languageserver-types": {
      "version": "3.14.0",
      "resolved": "https://registry.npmjs.org/vscode-languageserver-types/-/vscode-languageserver-types-3.14.0.tgz",
      "integrity": "sha512-lTmS6AlAlMHOvPQemVwo3CezxBp0sNB95KNPkqp3Nxd5VFEnuG1ByM0zlRWos0zjO3ZWtkvhal0COgiV1xIA4A=="
    },
    "vscode-nls": {
      "version": "4.1.1",
      "resolved": "https://registry.npmjs.org/vscode-nls/-/vscode-nls-4.1.1.tgz",
      "integrity": "sha512-4R+2UoUUU/LdnMnFjePxfLqNhBS8lrAFyX7pjb2ud/lqDkrUavFUTcG7wR0HBZFakae0Q6KLBFjMS6W93F403A=="
    },
    "vscode-uri": {
      "version": "1.0.8",
      "resolved": "https://registry.npmjs.org/vscode-uri/-/vscode-uri-1.0.8.tgz",
      "integrity": "sha512-obtSWTlbJ+a+TFRYGaUumtVwb+InIUVI0Lu0VBUAPmj2cU5JutEXg3xUE0c2J5Tcy7h2DEKVJBFi+Y9ZSFzzPQ=="
    }
  }
}
